
Microsoft Visual Studio Solution File, Format Version 12.00
# Visual Studio Version 16
VisualStudioVersion = 16.0.30309.148
MinimumVisualStudioVersion = 10.0.40219.1
Project("{FAE04EC0-301F-11D3-BF4B-00C04F79EFBC}") = "ApteanEdgeBank", "ApteanEdgeBank\ApteanEdgeBank.csproj", "{47E1023A-0C1D-45FB-BEDB-C4F9380D5E71}"
EndProject
Project("{FAE04EC0-301F-11D3-BF4B-00C04F79EFBC}") = "UserInterface", "UserInterface\UserInterface.csproj", "{938F2493-C2DB-4D47-8074-4803D0160392}"
EndProject
Global
	GlobalSection(SolutionConfigurationPlatforms) = preSolution
		Debug|Any CPU = Debug|Any CPU
		Release|Any CPU = Release|Any CPU
	EndGlobalSection
	GlobalSection(ProjectConfigurationPlatforms) = postSolution
		{47E1023A-0C1D-45FB-BEDB-C4F9380D5E71}.Debug|Any CPU.ActiveCfg = Debug|Any CPU
		{47E1023A-0C1D-45FB-BEDB-C4F9380D5E71}.Debug|Any CPU.Build.0 = Debug|Any CPU
		{47E1023A-0C1D-45FB-BEDB-C4F9380D5E71}.Release|Any CPU.ActiveCfg = Release|Any CPU
		{47E1023A-0C1D-45FB-BEDB-C4F9380D5E71}.Release|Any CPU.Build.0 = Release|Any CPU
		{938F2493-C2DB-4D47-8074-4803D0160392}.Debug|Any CPU.ActiveCfg = Debug|Any CPU
		{938F2493-C2DB-4D47-8074-4803D0160392}.Debug|Any CPU.Build.0 = Debug|Any CPU
		{938F2493-C2DB-4D47-8074-4803D0160392}.Release|Any CPU.ActiveCfg = Release|Any CPU
		{938F2493-C2DB-4D47-8074-4803D0160392}.Release|Any CPU.Build.0 = Release|Any CPU
	EndGlobalSection
	GlobalSection(SolutionProperties) = preSolution
		HideSolutionNode = FALSE
	EndGlobalSection
	GlobalSection(ExtensibilityGlobals) = postSolution
		SolutionGuid = {CE890C05-CE09-436C-A33F-58A3993BB19C}
	EndGlobalSection
EndGlobal
